version = 1
revision = 1

[[package]]
name = "antariksh-rl"
version = "0.2.0"
source = { virtual = "." }
dependencies = [
    { name = "fastapi" },
    { name = "uvicorn" },
    { name = "openenv-core" },
]

[[package]]
name = "fastapi"
version = "0.109.0"

[[package]]
name = "uvicorn"
version = "0.27.0"

[[package]]
name = "openenv-core"
version = "0.4.0"
